
Microsoft Visual Studio Solution File, Format Version 12.00
# Visual Studio 2012
Project("{FAE04EC0-301F-11D3-BF4B-00C04F79EFBC}") = "Vue", "Civilisation\Vue.csproj", "{E66FE7A1-48F1-4E18-8005-63E4AC93CDE5}"
EndProject
Project("{F088123C-0E9E-452A-89E6-6BA2F21D5CAC}") = "ModelingCiv", "ModelingCiv\ModelingCiv.modelproj", "{C067AF66-059A-484D-8540-CC897CD98F5D}"
EndProject
Project("{FAE04EC0-301F-11D3-BF4B-00C04F79EFBC}") = "Modele", "ModelingCivLib\Modele.csproj", "{4C0C0A63-6460-4494-8E22-B77B2B0929BC}"
EndProject
Project("{FAE04EC0-301F-11D3-BF4B-00C04F79EFBC}") = "TestUnitaireSurVille", "TestUnitaireSurVille\TestUnitaireSurVille.csproj", "{5FAF7524-7495-40BF-A462-C564DB486D07}"
EndProject
Project("{FAE04EC0-301F-11D3-BF4B-00C04F79EFBC}") = "TestUnitaireSurJoueur", "TestUnitaireSurJoueur\TestUnitaireSurJoueur.csproj", "{A06D383B-3EE7-442B-88FD-1BCD990E072A}"
EndProject
Project("{8BC9CEB8-8B4A-11D0-8D11-00A0C91BC942}") = "AlgorithmeCPP", "AlgorithmeCPP\AlgorithmeCPP.vcxproj", "{B622E0BD-7403-4449-B70D-70C840C790FF}"
EndProject
Project("{8BC9CEB8-8B4A-11D0-8D11-00A0C91BC942}") = "Wrapper_AlgorithmeCPP", "Wrapper_AlgorithmeCPP\Wrapper_AlgorithmeCPP.vcxproj", "{A6361B3A-2F96-42E0-887A-9EE6FA04C057}"
EndProject
Project("{FAE04EC0-301F-11D3-BF4B-00C04F79EFBC}") = "TestWrapperAlgo_carte", "TestWrapperAlgo_carte\TestWrapperAlgo_carte.csproj", "{4B05C9F0-04C6-4F1D-9E5A-9C103040EE01}"
EndProject
Project("{2150E333-8FDC-42A3-9474-1A3956D46DE8}") = "AlgorithmeC++", "AlgorithmeC++", "{6C7BA84F-B999-4E54-8ABF-630E10B04E80}"
EndProject
Project("{2150E333-8FDC-42A3-9474-1A3956D46DE8}") = "Code", "Code", "{DD24E920-E422-4C46-BB54-36AB8AAD8095}"
EndProject
Project("{2150E333-8FDC-42A3-9474-1A3956D46DE8}") = "Wrapper", "Wrapper", "{FD861A50-A54C-41D1-8CCC-D3B67FC9885C}"
EndProject
Project("{2150E333-8FDC-42A3-9474-1A3956D46DE8}") = "TestUnitaire", "TestUnitaire", "{44C18E37-1D73-491C-AB02-0E5E762F12F6}"
EndProject
Project("{2150E333-8FDC-42A3-9474-1A3956D46DE8}") = "Modelisation", "Modelisation", "{DEEC072E-447F-43B2-A8C2-A9B3880D4852}"
EndProject
Project("{2150E333-8FDC-42A3-9474-1A3956D46DE8}") = "Code", "Code", "{E0388C2A-EBC3-437D-8FDC-66787533B10F}"
EndProject
Project("{2150E333-8FDC-42A3-9474-1A3956D46DE8}") = "Test", "Test", "{0276C031-E335-4A64-80A7-27CF2A01E3AD}"
EndProject
Project("{2150E333-8FDC-42A3-9474-1A3956D46DE8}") = "Tests", "Tests", "{802A7C6C-8D5D-4050-A5DE-82DF5DCC98E9}"
EndProject
Project("{8BC9CEB8-8B4A-11D0-8D11-00A0C91BC942}") = "Test_algo_carte", "Test_algo_carte\Test_algo_carte.vcxproj", "{B9686FDD-35E9-4355-8688-998C04ADF06B}"
EndProject
Project("{FAE04EC0-301F-11D3-BF4B-00C04F79EFBC}") = "TestUnitaireMonteur", "TestUnitaireMonteur\TestUnitaireMonteur.csproj", "{7B57E580-9957-42C2-B9D7-662D2024DB1E}"
EndProject
Project("{FAE04EC0-301F-11D3-BF4B-00C04F79EFBC}") = "TestPoidsMoucheCarte", "TestPoidsMouche\TestPoidsMoucheCarte.csproj", "{D1F9870C-2B92-428B-9DA2-40A4962DE32D}"
EndProject
Project("{FAE04EC0-301F-11D3-BF4B-00C04F79EFBC}") = "TestAugmentationCaracEtudiant", "TestAugmentationCaracEtudiant\TestAugmentationCaracEtudiant.csproj", "{FBE2ECE0-D367-4AB8-87C9-5FF75BC0E941}"
EndProject
Global
	GlobalSection(SolutionConfigurationPlatforms) = preSolution
		Debug|Any CPU = Debug|Any CPU
		Debug|ARM = Debug|ARM
		Debug|Mixed Platforms = Debug|Mixed Platforms
		Debug|Win32 = Debug|Win32
		Debug|x86 = Debug|x86
		Release|Any CPU = Release|Any CPU
		Release|ARM = Release|ARM
		Release|Mixed Platforms = Release|Mixed Platforms
		Release|Win32 = Release|Win32
		Release|x86 = Release|x86
	EndGlobalSection
	GlobalSection(ProjectConfigurationPlatforms) = postSolution
		{E66FE7A1-48F1-4E18-8005-63E4AC93CDE5}.Debug|Any CPU.ActiveCfg = Debug|Any CPU
		{E66FE7A1-48F1-4E18-8005-63E4AC93CDE5}.Debug|Any CPU.Build.0 = Debug|Any CPU
		{E66FE7A1-48F1-4E18-8005-63E4AC93CDE5}.Debug|ARM.ActiveCfg = Debug|Any CPU
		{E66FE7A1-48F1-4E18-8005-63E4AC93CDE5}.Debug|Mixed Platforms.ActiveCfg = Debug|Any CPU
		{E66FE7A1-48F1-4E18-8005-63E4AC93CDE5}.Debug|Mixed Platforms.Build.0 = Debug|Any CPU
		{E66FE7A1-48F1-4E18-8005-63E4AC93CDE5}.Debug|Win32.ActiveCfg = Debug|Any CPU
		{E66FE7A1-48F1-4E18-8005-63E4AC93CDE5}.Debug|Win32.Build.0 = Debug|Any CPU
		{E66FE7A1-48F1-4E18-8005-63E4AC93CDE5}.Debug|x86.ActiveCfg = Debug|x86
		{E66FE7A1-48F1-4E18-8005-63E4AC93CDE5}.Debug|x86.Build.0 = Debug|x86
		{E66FE7A1-48F1-4E18-8005-63E4AC93CDE5}.Release|Any CPU.ActiveCfg = Release|Any CPU
		{E66FE7A1-48F1-4E18-8005-63E4AC93CDE5}.Release|Any CPU.Build.0 = Release|Any CPU
		{E66FE7A1-48F1-4E18-8005-63E4AC93CDE5}.Release|ARM.ActiveCfg = Release|Any CPU
		{E66FE7A1-48F1-4E18-8005-63E4AC93CDE5}.Release|Mixed Platforms.ActiveCfg = Release|Any CPU
		{E66FE7A1-48F1-4E18-8005-63E4AC93CDE5}.Release|Mixed Platforms.Build.0 = Release|Any CPU
		{E66FE7A1-48F1-4E18-8005-63E4AC93CDE5}.Release|Win32.ActiveCfg = Release|Any CPU
		{E66FE7A1-48F1-4E18-8005-63E4AC93CDE5}.Release|x86.ActiveCfg = Release|x86
		{E66FE7A1-48F1-4E18-8005-63E4AC93CDE5}.Release|x86.Build.0 = Release|x86
		{C067AF66-059A-484D-8540-CC897CD98F5D}.Debug|Any CPU.ActiveCfg = Debug|Any CPU
		{C067AF66-059A-484D-8540-CC897CD98F5D}.Debug|Any CPU.Build.0 = Debug|Any CPU
		{C067AF66-059A-484D-8540-CC897CD98F5D}.Debug|ARM.ActiveCfg = Debug|Any CPU
		{C067AF66-059A-484D-8540-CC897CD98F5D}.Debug|Mixed Platforms.ActiveCfg = Debug|Any CPU
		{C067AF66-059A-484D-8540-CC897CD98F5D}.Debug|Mixed Platforms.Build.0 = Debug|Any CPU
		{C067AF66-059A-484D-8540-CC897CD98F5D}.Debug|Win32.ActiveCfg = Debug|Any CPU
		{C067AF66-059A-484D-8540-CC897CD98F5D}.Debug|Win32.Build.0 = Debug|Any CPU
		{C067AF66-059A-484D-8540-CC897CD98F5D}.Debug|x86.ActiveCfg = Debug|Any CPU
		{C067AF66-059A-484D-8540-CC897CD98F5D}.Debug|x86.Build.0 = Debug|Any CPU
		{C067AF66-059A-484D-8540-CC897CD98F5D}.Release|Any CPU.ActiveCfg = Release|Any CPU
		{C067AF66-059A-484D-8540-CC897CD98F5D}.Release|Any CPU.Build.0 = Release|Any CPU
		{C067AF66-059A-484D-8540-CC897CD98F5D}.Release|ARM.ActiveCfg = Release|Any CPU
		{C067AF66-059A-484D-8540-CC897CD98F5D}.Release|Mixed Platforms.ActiveCfg = Release|Any CPU
		{C067AF66-059A-484D-8540-CC897CD98F5D}.Release|Mixed Platforms.Build.0 = Release|Any CPU
		{C067AF66-059A-484D-8540-CC897CD98F5D}.Release|Win32.ActiveCfg = Release|Any CPU
		{C067AF66-059A-484D-8540-CC897CD98F5D}.Release|x86.ActiveCfg = Release|Any CPU
		{C067AF66-059A-484D-8540-CC897CD98F5D}.Release|x86.Build.0 = Release|Any CPU
		{4C0C0A63-6460-4494-8E22-B77B2B0929BC}.Debug|Any CPU.ActiveCfg = Debug|Any CPU
		{4C0C0A63-6460-4494-8E22-B77B2B0929BC}.Debug|Any CPU.Build.0 = Debug|Any CPU
		{4C0C0A63-6460-4494-8E22-B77B2B0929BC}.Debug|ARM.ActiveCfg = Debug|Any CPU
		{4C0C0A63-6460-4494-8E22-B77B2B0929BC}.Debug|Mixed Platforms.ActiveCfg = Debug|Any CPU
		{4C0C0A63-6460-4494-8E22-B77B2B0929BC}.Debug|Mixed Platforms.Build.0 = Debug|Any CPU
		{4C0C0A63-6460-4494-8E22-B77B2B0929BC}.Debug|Win32.ActiveCfg = Debug|Any CPU
		{4C0C0A63-6460-4494-8E22-B77B2B0929BC}.Debug|Win32.Build.0 = Debug|Any CPU
		{4C0C0A63-6460-4494-8E22-B77B2B0929BC}.Debug|x86.ActiveCfg = Debug|x86
		{4C0C0A63-6460-4494-8E22-B77B2B0929BC}.Debug|x86.Build.0 = Debug|x86
		{4C0C0A63-6460-4494-8E22-B77B2B0929BC}.Release|Any CPU.ActiveCfg = Release|Any CPU
		{4C0C0A63-6460-4494-8E22-B77B2B0929BC}.Release|Any CPU.Build.0 = Release|Any CPU
		{4C0C0A63-6460-4494-8E22-B77B2B0929BC}.Release|ARM.ActiveCfg = Release|Any CPU
		{4C0C0A63-6460-4494-8E22-B77B2B0929BC}.Release|Mixed Platforms.ActiveCfg = Release|Any CPU
		{4C0C0A63-6460-4494-8E22-B77B2B0929BC}.Release|Mixed Platforms.Build.0 = Release|Any CPU
		{4C0C0A63-6460-4494-8E22-B77B2B0929BC}.Release|Win32.ActiveCfg = Release|Any CPU
		{4C0C0A63-6460-4494-8E22-B77B2B0929BC}.Release|x86.ActiveCfg = Release|x86
		{4C0C0A63-6460-4494-8E22-B77B2B0929BC}.Release|x86.Build.0 = Release|x86
		{5FAF7524-7495-40BF-A462-C564DB486D07}.Debug|Any CPU.ActiveCfg = Debug|Any CPU
		{5FAF7524-7495-40BF-A462-C564DB486D07}.Debug|Any CPU.Build.0 = Debug|Any CPU
		{5FAF7524-7495-40BF-A462-C564DB486D07}.Debug|ARM.ActiveCfg = Debug|Any CPU
		{5FAF7524-7495-40BF-A462-C564DB486D07}.Debug|Mixed Platforms.ActiveCfg = Debug|Any CPU
		{5FAF7524-7495-40BF-A462-C564DB486D07}.Debug|Mixed Platforms.Build.0 = Debug|Any CPU
		{5FAF7524-7495-40BF-A462-C564DB486D07}.Debug|Win32.ActiveCfg = Debug|Any CPU
		{5FAF7524-7495-40BF-A462-C564DB486D07}.Debug|Win32.Build.0 = Debug|Any CPU
		{5FAF7524-7495-40BF-A462-C564DB486D07}.Debug|x86.ActiveCfg = Debug|x86
		{5FAF7524-7495-40BF-A462-C564DB486D07}.Debug|x86.Build.0 = Debug|x86
		{5FAF7524-7495-40BF-A462-C564DB486D07}.Release|Any CPU.ActiveCfg = Release|Any CPU
		{5FAF7524-7495-40BF-A462-C564DB486D07}.Release|Any CPU.Build.0 = Release|Any CPU
		{5FAF7524-7495-40BF-A462-C564DB486D07}.Release|ARM.ActiveCfg = Release|Any CPU
		{5FAF7524-7495-40BF-A462-C564DB486D07}.Release|Mixed Platforms.ActiveCfg = Release|Any CPU
		{5FAF7524-7495-40BF-A462-C564DB486D07}.Release|Mixed Platforms.Build.0 = Release|Any CPU
		{5FAF7524-7495-40BF-A462-C564DB486D07}.Release|Win32.ActiveCfg = Release|Any CPU
		{5FAF7524-7495-40BF-A462-C564DB486D07}.Release|x86.ActiveCfg = Release|x86
		{5FAF7524-7495-40BF-A462-C564DB486D07}.Release|x86.Build.0 = Release|x86
		{A06D383B-3EE7-442B-88FD-1BCD990E072A}.Debug|Any CPU.ActiveCfg = Debug|Any CPU
		{A06D383B-3EE7-442B-88FD-1BCD990E072A}.Debug|Any CPU.Build.0 = Debug|Any CPU
		{A06D383B-3EE7-442B-88FD-1BCD990E072A}.Debug|ARM.ActiveCfg = Debug|Any CPU
		{A06D383B-3EE7-442B-88FD-1BCD990E072A}.Debug|Mixed Platforms.ActiveCfg = Debug|Any CPU
		{A06D383B-3EE7-442B-88FD-1BCD990E072A}.Debug|Mixed Platforms.Build.0 = Debug|Any CPU
		{A06D383B-3EE7-442B-88FD-1BCD990E072A}.Debug|Win32.ActiveCfg = Debug|Any CPU
		{A06D383B-3EE7-442B-88FD-1BCD990E072A}.Debug|Win32.Build.0 = Debug|Any CPU
		{A06D383B-3EE7-442B-88FD-1BCD990E072A}.Debug|x86.ActiveCfg = Debug|x86
		{A06D383B-3EE7-442B-88FD-1BCD990E072A}.Debug|x86.Build.0 = Debug|x86
		{A06D383B-3EE7-442B-88FD-1BCD990E072A}.Release|Any CPU.ActiveCfg = Release|Any CPU
		{A06D383B-3EE7-442B-88FD-1BCD990E072A}.Release|Any CPU.Build.0 = Release|Any CPU
		{A06D383B-3EE7-442B-88FD-1BCD990E072A}.Release|ARM.ActiveCfg = Release|Any CPU
		{A06D383B-3EE7-442B-88FD-1BCD990E072A}.Release|Mixed Platforms.ActiveCfg = Release|Any CPU
		{A06D383B-3EE7-442B-88FD-1BCD990E072A}.Release|Mixed Platforms.Build.0 = Release|Any CPU
		{A06D383B-3EE7-442B-88FD-1BCD990E072A}.Release|Win32.ActiveCfg = Release|Any CPU
		{A06D383B-3EE7-442B-88FD-1BCD990E072A}.Release|x86.ActiveCfg = Release|x86
		{A06D383B-3EE7-442B-88FD-1BCD990E072A}.Release|x86.Build.0 = Release|x86
		{B622E0BD-7403-4449-B70D-70C840C790FF}.Debug|Any CPU.ActiveCfg = Debug|Win32
		{B622E0BD-7403-4449-B70D-70C840C790FF}.Debug|ARM.ActiveCfg = Debug|Win32
		{B622E0BD-7403-4449-B70D-70C840C790FF}.Debug|ARM.Build.0 = Debug|Win32
		{B622E0BD-7403-4449-B70D-70C840C790FF}.Debug|Mixed Platforms.ActiveCfg = Debug|Win32
		{B622E0BD-7403-4449-B70D-70C840C790FF}.Debug|Mixed Platforms.Build.0 = Debug|Win32
		{B622E0BD-7403-4449-B70D-70C840C790FF}.Debug|Win32.ActiveCfg = Debug|Win32
		{B622E0BD-7403-4449-B70D-70C840C790FF}.Debug|Win32.Build.0 = Debug|Win32
		{B622E0BD-7403-4449-B70D-70C840C790FF}.Debug|x86.ActiveCfg = Debug|Win32
		{B622E0BD-7403-4449-B70D-70C840C790FF}.Debug|x86.Build.0 = Debug|Win32
		{B622E0BD-7403-4449-B70D-70C840C790FF}.Release|Any CPU.ActiveCfg = Release|Win32
		{B622E0BD-7403-4449-B70D-70C840C790FF}.Release|ARM.ActiveCfg = Release|ARM
		{B622E0BD-7403-4449-B70D-70C840C790FF}.Release|ARM.Build.0 = Release|ARM
		{B622E0BD-7403-4449-B70D-70C840C790FF}.Release|Mixed Platforms.ActiveCfg = Release|Win32
		{B622E0BD-7403-4449-B70D-70C840C790FF}.Release|Mixed Platforms.Build.0 = Release|Win32
		{B622E0BD-7403-4449-B70D-70C840C790FF}.Release|Win32.ActiveCfg = Release|Win32
		{B622E0BD-7403-4449-B70D-70C840C790FF}.Release|Win32.Build.0 = Release|Win32
		{B622E0BD-7403-4449-B70D-70C840C790FF}.Release|x86.ActiveCfg = Release|Win32
		{B622E0BD-7403-4449-B70D-70C840C790FF}.Release|x86.Build.0 = Release|Win32
		{A6361B3A-2F96-42E0-887A-9EE6FA04C057}.Debug|Any CPU.ActiveCfg = Debug|Win32
		{A6361B3A-2F96-42E0-887A-9EE6FA04C057}.Debug|ARM.ActiveCfg = Debug|Win32
		{A6361B3A-2F96-42E0-887A-9EE6FA04C057}.Debug|Mixed Platforms.ActiveCfg = Debug|Win32
		{A6361B3A-2F96-42E0-887A-9EE6FA04C057}.Debug|Mixed Platforms.Build.0 = Debug|Win32
		{A6361B3A-2F96-42E0-887A-9EE6FA04C057}.Debug|Win32.ActiveCfg = Debug|Win32
		{A6361B3A-2F96-42E0-887A-9EE6FA04C057}.Debug|Win32.Build.0 = Debug|Win32
		{A6361B3A-2F96-42E0-887A-9EE6FA04C057}.Debug|x86.ActiveCfg = Debug|Win32
		{A6361B3A-2F96-42E0-887A-9EE6FA04C057}.Debug|x86.Build.0 = Debug|Win32
		{A6361B3A-2F96-42E0-887A-9EE6FA04C057}.Release|Any CPU.ActiveCfg = Release|Win32
		{A6361B3A-2F96-42E0-887A-9EE6FA04C057}.Release|ARM.ActiveCfg = Release|Win32
		{A6361B3A-2F96-42E0-887A-9EE6FA04C057}.Release|Mixed Platforms.ActiveCfg = Release|Win32
		{A6361B3A-2F96-42E0-887A-9EE6FA04C057}.Release|Mixed Platforms.Build.0 = Release|Win32
		{A6361B3A-2F96-42E0-887A-9EE6FA04C057}.Release|Win32.ActiveCfg = Release|Win32
		{A6361B3A-2F96-42E0-887A-9EE6FA04C057}.Release|Win32.Build.0 = Release|Win32
		{A6361B3A-2F96-42E0-887A-9EE6FA04C057}.Release|x86.ActiveCfg = Release|Win32
		{A6361B3A-2F96-42E0-887A-9EE6FA04C057}.Release|x86.Build.0 = Release|Win32
		{4B05C9F0-04C6-4F1D-9E5A-9C103040EE01}.Debug|Any CPU.ActiveCfg = Debug|Any CPU
		{4B05C9F0-04C6-4F1D-9E5A-9C103040EE01}.Debug|Any CPU.Build.0 = Debug|Any CPU
		{4B05C9F0-04C6-4F1D-9E5A-9C103040EE01}.Debug|ARM.ActiveCfg = Debug|Any CPU
		{4B05C9F0-04C6-4F1D-9E5A-9C103040EE01}.Debug|Mixed Platforms.ActiveCfg = Debug|Any CPU
		{4B05C9F0-04C6-4F1D-9E5A-9C103040EE01}.Debug|Mixed Platforms.Build.0 = Debug|Any CPU
		{4B05C9F0-04C6-4F1D-9E5A-9C103040EE01}.Debug|Win32.ActiveCfg = Debug|Any CPU
		{4B05C9F0-04C6-4F1D-9E5A-9C103040EE01}.Debug|Win32.Build.0 = Debug|Any CPU
		{4B05C9F0-04C6-4F1D-9E5A-9C103040EE01}.Debug|x86.ActiveCfg = Debug|x86
		{4B05C9F0-04C6-4F1D-9E5A-9C103040EE01}.Debug|x86.Build.0 = Debug|x86
		{4B05C9F0-04C6-4F1D-9E5A-9C103040EE01}.Release|Any CPU.ActiveCfg = Release|Any CPU
		{4B05C9F0-04C6-4F1D-9E5A-9C103040EE01}.Release|Any CPU.Build.0 = Release|Any CPU
		{4B05C9F0-04C6-4F1D-9E5A-9C103040EE01}.Release|ARM.ActiveCfg = Release|Any CPU
		{4B05C9F0-04C6-4F1D-9E5A-9C103040EE01}.Release|Mixed Platforms.ActiveCfg = Release|Any CPU
		{4B05C9F0-04C6-4F1D-9E5A-9C103040EE01}.Release|Mixed Platforms.Build.0 = Release|Any CPU
		{4B05C9F0-04C6-4F1D-9E5A-9C103040EE01}.Release|Win32.ActiveCfg = Release|Any CPU
		{4B05C9F0-04C6-4F1D-9E5A-9C103040EE01}.Release|x86.ActiveCfg = Release|x86
		{4B05C9F0-04C6-4F1D-9E5A-9C103040EE01}.Release|x86.Build.0 = Release|x86
		{B9686FDD-35E9-4355-8688-998C04ADF06B}.Debug|Any CPU.ActiveCfg = Debug|Win32
		{B9686FDD-35E9-4355-8688-998C04ADF06B}.Debug|ARM.ActiveCfg = Debug|Win32
		{B9686FDD-35E9-4355-8688-998C04ADF06B}.Debug|Mixed Platforms.ActiveCfg = Debug|Win32
		{B9686FDD-35E9-4355-8688-998C04ADF06B}.Debug|Mixed Platforms.Build.0 = Debug|Win32
		{B9686FDD-35E9-4355-8688-998C04ADF06B}.Debug|Win32.ActiveCfg = Debug|Win32
		{B9686FDD-35E9-4355-8688-998C04ADF06B}.Debug|Win32.Build.0 = Debug|Win32
		{B9686FDD-35E9-4355-8688-998C04ADF06B}.Debug|x86.ActiveCfg = Debug|Win32
		{B9686FDD-35E9-4355-8688-998C04ADF06B}.Debug|x86.Build.0 = Debug|Win32
		{B9686FDD-35E9-4355-8688-998C04ADF06B}.Release|Any CPU.ActiveCfg = Release|Win32
		{B9686FDD-35E9-4355-8688-998C04ADF06B}.Release|ARM.ActiveCfg = Release|Win32
		{B9686FDD-35E9-4355-8688-998C04ADF06B}.Release|Mixed Platforms.ActiveCfg = Release|Win32
		{B9686FDD-35E9-4355-8688-998C04ADF06B}.Release|Mixed Platforms.Build.0 = Release|Win32
		{B9686FDD-35E9-4355-8688-998C04ADF06B}.Release|Win32.ActiveCfg = Release|Win32
		{B9686FDD-35E9-4355-8688-998C04ADF06B}.Release|Win32.Build.0 = Release|Win32
		{B9686FDD-35E9-4355-8688-998C04ADF06B}.Release|x86.ActiveCfg = Release|Win32
		{B9686FDD-35E9-4355-8688-998C04ADF06B}.Release|x86.Build.0 = Release|Win32
		{7B57E580-9957-42C2-B9D7-662D2024DB1E}.Debug|Any CPU.ActiveCfg = Debug|Any CPU
		{7B57E580-9957-42C2-B9D7-662D2024DB1E}.Debug|Any CPU.Build.0 = Debug|Any CPU
		{7B57E580-9957-42C2-B9D7-662D2024DB1E}.Debug|ARM.ActiveCfg = Debug|Any CPU
		{7B57E580-9957-42C2-B9D7-662D2024DB1E}.Debug|Mixed Platforms.ActiveCfg = Debug|Any CPU
		{7B57E580-9957-42C2-B9D7-662D2024DB1E}.Debug|Mixed Platforms.Build.0 = Debug|Any CPU
		{7B57E580-9957-42C2-B9D7-662D2024DB1E}.Debug|Win32.ActiveCfg = Debug|Any CPU
		{7B57E580-9957-42C2-B9D7-662D2024DB1E}.Debug|x86.ActiveCfg = Debug|Any CPU
		{7B57E580-9957-42C2-B9D7-662D2024DB1E}.Release|Any CPU.ActiveCfg = Release|Any CPU
		{7B57E580-9957-42C2-B9D7-662D2024DB1E}.Release|Any CPU.Build.0 = Release|Any CPU
		{7B57E580-9957-42C2-B9D7-662D2024DB1E}.Release|ARM.ActiveCfg = Release|Any CPU
		{7B57E580-9957-42C2-B9D7-662D2024DB1E}.Release|Mixed Platforms.ActiveCfg = Release|Any CPU
		{7B57E580-9957-42C2-B9D7-662D2024DB1E}.Release|Mixed Platforms.Build.0 = Release|Any CPU
		{7B57E580-9957-42C2-B9D7-662D2024DB1E}.Release|Win32.ActiveCfg = Release|Any CPU
		{7B57E580-9957-42C2-B9D7-662D2024DB1E}.Release|x86.ActiveCfg = Release|Any CPU
		{7B57E580-9957-42C2-B9D7-662D2024DB1E}.Release|x86.Build.0 = Release|Any CPU
		{D1F9870C-2B92-428B-9DA2-40A4962DE32D}.Debug|Any CPU.ActiveCfg = Debug|Any CPU
		{D1F9870C-2B92-428B-9DA2-40A4962DE32D}.Debug|Any CPU.Build.0 = Debug|Any CPU
		{D1F9870C-2B92-428B-9DA2-40A4962DE32D}.Debug|ARM.ActiveCfg = Debug|Any CPU
		{D1F9870C-2B92-428B-9DA2-40A4962DE32D}.Debug|Mixed Platforms.ActiveCfg = Debug|Any CPU
		{D1F9870C-2B92-428B-9DA2-40A4962DE32D}.Debug|Mixed Platforms.Build.0 = Debug|Any CPU
		{D1F9870C-2B92-428B-9DA2-40A4962DE32D}.Debug|Win32.ActiveCfg = Debug|Any CPU
		{D1F9870C-2B92-428B-9DA2-40A4962DE32D}.Debug|x86.ActiveCfg = Debug|Any CPU
		{D1F9870C-2B92-428B-9DA2-40A4962DE32D}.Release|Any CPU.ActiveCfg = Release|Any CPU
		{D1F9870C-2B92-428B-9DA2-40A4962DE32D}.Release|Any CPU.Build.0 = Release|Any CPU
		{D1F9870C-2B92-428B-9DA2-40A4962DE32D}.Release|ARM.ActiveCfg = Release|Any CPU
		{D1F9870C-2B92-428B-9DA2-40A4962DE32D}.Release|Mixed Platforms.ActiveCfg = Release|Any CPU
		{D1F9870C-2B92-428B-9DA2-40A4962DE32D}.Release|Mixed Platforms.Build.0 = Release|Any CPU
		{D1F9870C-2B92-428B-9DA2-40A4962DE32D}.Release|Win32.ActiveCfg = Release|Any CPU
		{D1F9870C-2B92-428B-9DA2-40A4962DE32D}.Release|x86.ActiveCfg = Release|Any CPU
		{D1F9870C-2B92-428B-9DA2-40A4962DE32D}.Release|x86.Build.0 = Release|Any CPU
		{FBE2ECE0-D367-4AB8-87C9-5FF75BC0E941}.Debug|Any CPU.ActiveCfg = Debug|Any CPU
		{FBE2ECE0-D367-4AB8-87C9-5FF75BC0E941}.Debug|Any CPU.Build.0 = Debug|Any CPU
		{FBE2ECE0-D367-4AB8-87C9-5FF75BC0E941}.Debug|ARM.ActiveCfg = Debug|Any CPU
		{FBE2ECE0-D367-4AB8-87C9-5FF75BC0E941}.Debug|Mixed Platforms.ActiveCfg = Debug|Any CPU
		{FBE2ECE0-D367-4AB8-87C9-5FF75BC0E941}.Debug|Mixed Platforms.Build.0 = Debug|Any CPU
		{FBE2ECE0-D367-4AB8-87C9-5FF75BC0E941}.Debug|Win32.ActiveCfg = Debug|Any CPU
		{FBE2ECE0-D367-4AB8-87C9-5FF75BC0E941}.Debug|x86.ActiveCfg = Debug|Any CPU
		{FBE2ECE0-D367-4AB8-87C9-5FF75BC0E941}.Release|Any CPU.ActiveCfg = Release|Any CPU
		{FBE2ECE0-D367-4AB8-87C9-5FF75BC0E941}.Release|Any CPU.Build.0 = Release|Any CPU
		{FBE2ECE0-D367-4AB8-87C9-5FF75BC0E941}.Release|ARM.ActiveCfg = Release|Any CPU
		{FBE2ECE0-D367-4AB8-87C9-5FF75BC0E941}.Release|Mixed Platforms.ActiveCfg = Release|Any CPU
		{FBE2ECE0-D367-4AB8-87C9-5FF75BC0E941}.Release|Mixed Platforms.Build.0 = Release|Any CPU
		{FBE2ECE0-D367-4AB8-87C9-5FF75BC0E941}.Release|Win32.ActiveCfg = Release|Any CPU
		{FBE2ECE0-D367-4AB8-87C9-5FF75BC0E941}.Release|x86.ActiveCfg = Release|Any CPU
		{FBE2ECE0-D367-4AB8-87C9-5FF75BC0E941}.Release|x86.Build.0 = Release|Any CPU
	EndGlobalSection
	GlobalSection(SolutionProperties) = preSolution
		HideSolutionNode = FALSE
	EndGlobalSection
	GlobalSection(NestedProjects) = preSolution
		{4C0C0A63-6460-4494-8E22-B77B2B0929BC} = {DD24E920-E422-4C46-BB54-36AB8AAD8095}
		{E66FE7A1-48F1-4E18-8005-63E4AC93CDE5} = {DD24E920-E422-4C46-BB54-36AB8AAD8095}
		{C067AF66-059A-484D-8540-CC897CD98F5D} = {DEEC072E-447F-43B2-A8C2-A9B3880D4852}
		{A06D383B-3EE7-442B-88FD-1BCD990E072A} = {44C18E37-1D73-491C-AB02-0E5E762F12F6}
		{5FAF7524-7495-40BF-A462-C564DB486D07} = {44C18E37-1D73-491C-AB02-0E5E762F12F6}
		{7B57E580-9957-42C2-B9D7-662D2024DB1E} = {44C18E37-1D73-491C-AB02-0E5E762F12F6}
		{D1F9870C-2B92-428B-9DA2-40A4962DE32D} = {44C18E37-1D73-491C-AB02-0E5E762F12F6}
		{FBE2ECE0-D367-4AB8-87C9-5FF75BC0E941} = {44C18E37-1D73-491C-AB02-0E5E762F12F6}
		{B622E0BD-7403-4449-B70D-70C840C790FF} = {6C7BA84F-B999-4E54-8ABF-630E10B04E80}
		{802A7C6C-8D5D-4050-A5DE-82DF5DCC98E9} = {6C7BA84F-B999-4E54-8ABF-630E10B04E80}
		{0276C031-E335-4A64-80A7-27CF2A01E3AD} = {FD861A50-A54C-41D1-8CCC-D3B67FC9885C}
		{E0388C2A-EBC3-437D-8FDC-66787533B10F} = {FD861A50-A54C-41D1-8CCC-D3B67FC9885C}
		{4B05C9F0-04C6-4F1D-9E5A-9C103040EE01} = {0276C031-E335-4A64-80A7-27CF2A01E3AD}
		{A6361B3A-2F96-42E0-887A-9EE6FA04C057} = {E0388C2A-EBC3-437D-8FDC-66787533B10F}
		{B9686FDD-35E9-4355-8688-998C04ADF06B} = {802A7C6C-8D5D-4050-A5DE-82DF5DCC98E9}
	EndGlobalSection
EndGlobal
